// !$*UTF8*$!
{
	archiveVersion = 1;
	classes = {
	};
	objectVersion = 56;
	objects = {

/* Begin PBXBuildFile section */
		B6429DFE299CCCAE0044B4DA /* AppDelegate.swift in Sources */ = {isa = PBXBuildFile; fileRef = B6429DFD299CCCAE0044B4DA /* AppDelegate.swift */; };
		B6429E00299CCCAE0044B4DA /* SceneDelegate.swift in Sources */ = {isa = PBXBuildFile; fileRef = B6429DFF299CCCAE0044B4DA /* SceneDelegate.swift */; };
		B6429E02299CCCAE0044B4DA /* ViewController.swift in Sources */ = {isa = PBXBuildFile; fileRef = B6429E01299CCCAE0044B4DA /* ViewController.swift */; };
		B6429E07299CCCB40044B4DA /* Assets.xcassets in Resources */ = {isa = PBXBuildFile; fileRef = B6429E06299CCCB40044B4DA /* Assets.xcassets */; };
		B6429E0A299CCCB40044B4DA /* LaunchScreen.storyboard in Resources */ = {isa = PBXBuildFile; fileRef = B6429E08299CCCB40044B4DA /* LaunchScreen.storyboard */; };
		B6E5646D299D43AD00FDD7AB /* ImageCellView.swift in Sources */ = {isa = PBXBuildFile; fileRef = B6E5646C299D43AD00FDD7AB /* ImageCellView.swift */; };
		B6E5646F299D457E00FDD7AB /* ImageCell.swift in Sources */ = {isa = PBXBuildFile; fileRef = B6E5646E299D457E00FDD7AB /* ImageCell.swift */; };
/* End PBXBuildFile section */

/* Begin PBXFileReference section */
		B6429DFA299CCCAE0044B4DA /* FarpostCollection.app */ = {isa = PBXFileReference; explicitFileType = wrapper.application; includeInIndex = 0; path = FarpostCollection.app; sourceTree = BUILT_PRODUCTS_DIR; };
		B6429DFD299CCCAE0044B4DA /* AppDelegate.swift */ = {isa = PBXFileReference; lastKnownFileType = sourcecode.swift; path = AppDelegate.swift; sourceTree = "<group>"; };
		B6429DFF299CCCAE0044B4DA /* SceneDelegate.swift */ = {isa = PBXFileReference; lastKnownFileType = sourcecode.swift; path = SceneDelegate.swift; sourceTree = "<group>"; };
		B6429E01299CCCAE0044B4DA /* ViewController.swift */ = {isa = PBXFileReference; lastKnownFileType = sourcecode.swift; path = ViewController.swift; sourceTree = "<group>"; };
		B6429E06299CCCB40044B4DA /* Assets.xcassets */ = {isa = PBXFileReference; lastKnownFileType = folder.assetcatalog; path = Assets.xcassets; sourceTree = "<group>"; };
		B6429E09299CCCB40044B4DA /* Base */ = {isa = PBXFileReference; lastKnownFileType = file.storyboard; name = Base; path = Base.lproj/LaunchScreen.storyboard; sourceTree = "<group>"; };
		B6429E0B299CCCB40044B4DA /* Info.plist */ = {isa = PBXFileReference; lastKnownFileType = text.plist.xml; path = Info.plist; sourceTree = "<group>"; };
		B6E5646C299D43AD00FDD7AB /* ImageCellView.swift */ = {isa = PBXFileReference; lastKnownFileType = sourcecode.swift; path = ImageCellView.swift; sourceTree = "<group>"; };
		B6E5646E299D457E00FDD7AB /* ImageCell.swift */ = {isa = PBXFileReference; lastKnownFileType = sourcecode.swift; path = ImageCell.swift; sourceTree = "<group>"; };
/* End PBXFileReference section */

/* Begin PBXFrameworksBuildPhase section */
		B6429DF7299CCCAE0044B4DA /* Frameworks */ = {
			isa = PBXFrameworksBuildPhase;
			buildActionMask = 2147483647;
			files = (
			);
			runOnlyForDeploymentPostprocessing = 0;
		};
/* End PBXFrameworksBuildPhase section */

/* Begin PBXGroup section */
		B6429DF1299CCCAE0044B4DA = {
			isa = PBXGroup;
			children = (
				B6429DFC299CCCAE0044B4DA /* FarpostCollection */,
				B6429DFB299CCCAE0044B4DA /* Products */,
			);
			sourceTree = "<group>";
		};
		B6429DFB299CCCAE0044B4DA /* Products */ = {
			isa = PBXGroup;
			children = (
				B6429DFA299CCCAE0044B4DA /* FarpostCollection.app */,
			);
			name = Products;
			sourceTree = "<group>";
		};
		B6429DFC299CCCAE0044B4DA /* FarpostCollection */ = {
			isa = PBXGroup;
			children = (
				B6E5646B299D415F00FDD7AB /* Controllers */,
				B6E5646A299D415600FDD7AB /* Models */,
				B6E56469299D414B00FDD7AB /* Views */,
				B6429DFD299CCCAE0044B4DA /* AppDelegate.swift */,
				B6429DFF299CCCAE0044B4DA /* SceneDelegate.swift */,
				B6429E06299CCCB40044B4DA /* Assets.xcassets */,
				B6429E08299CCCB40044B4DA /* LaunchScreen.storyboard */,
				B6429E0B299CCCB40044B4DA /* Info.plist */,
			);
			path = FarpostCollection;
			sourceTree = "<group>";
		};
		B6E56469299D414B00FDD7AB /* Views */ = {
			isa = PBXGroup;
			children = (
				B6E5646C299D43AD00FDD7AB /* ImageCellView.swift */,
			);
			path = Views;
			sourceTree = "<group>";
		};
		B6E5646A299D415600FDD7AB /* Models */ = {
			isa = PBXGroup;
			children = (
				B6E5646E299D457E00FDD7AB /* ImageCell.swift */,
			);
			path = Models;
			sourceTree = "<group>";
		};
		B6E5646B299D415F00FDD7AB /* Controllers */ = {
			isa = PBXGroup;
			children = (
				B6429E01299CCCAE0044B4DA /* ViewController.swift */,
			);
			path = Controllers;
			sourceTree = "<group>";
		};
/* End PBXGroup section */

/* Begin PBXNativeTarget section */
		B6429DF9299CCCAE0044B4DA /* FarpostCollection */ = {
			isa = PBXNativeTarget;
			buildConfigurationList = B6429E0E299CCCB40044B4DA /* Build configuration list for PBXNativeTarget "FarpostCollection" */;
			buildPhases = (
				B6429DF6299CCCAE0044B4DA /* Sources */,
				B6429DF7299CCCAE0044B4DA /* Frameworks */,
				B6429DF8299CCCAE0044B4DA /* Resources */,
			);
			buildRules = (
			);
			dependencies = (
			);
			name = FarpostCollection;
			productName = FarpostCollection;
			productReference = B6429DFA299CCCAE0044B4DA /* FarpostCollection.app */;
			productType = "com.apple.product-type.application";
		};
/* End PBXNativeTarget section */

/* Begin PBXProject section */
		B6429DF2299CCCAE0044B4DA /* Project object */ = {
			isa = PBXProject;
			attributes = {
				BuildIndependentTargetsInParallel = 1;
				LastSwiftUpdateCheck = 1410;
				LastUpgradeCheck = 1410;
				TargetAttributes = {
					B6429DF9299CCCAE0044B4DA = {
						CreatedOnToolsVersion = 14.1;
					};
				};
			};
			buildConfigurationList = B6429DF5299CCCAE0044B4DA /* Build configuration list for PBXProject "FarpostCollection" */;
			compatibilityVersion = "Xcode 14.0";
			developmentRegion = en;
			hasScannedForEncodings = 0;
			knownRegions = (
				en,
				Base,
			);
			mainGroup = B6429DF1299CCCAE0044B4DA;
			productRefGroup = B6429DFB299CCCAE0044B4DA /* Products */;
			projectDirPath = "";
			projectRoot = "";
			targets = (
				B6429DF9299CCCAE0044B4DA /* FarpostCollection */,
			);
		};
/* End PBXProject section */

/* Begin PBXResourcesBuildPhase section */
		B6429DF8299CCCAE0044B4DA /* Resources */ = {
			isa = PBXResourcesBuildPhase;
			buildActionMask = 2147483647;
			files = (
				B6429E0A299CCCB40044B4DA /* LaunchScreen.storyboard in Resources */,
				B6429E07299CCCB40044B4DA /* Assets.xcassets in Resources */,
			);
			runOnlyForDeploymentPostprocessing = 0;
		};
/* End PBXResourcesBuildPhase section */

/* Begin PBXSourcesBuildPhase section */
		B6429DF6299CCCAE0044B4DA /* Sources */ = {
			isa = PBXSourcesBuildPhase;
			buildActionMask = 2147483647;
			files = (
				B6429E02299CCCAE0044B4DA /* ViewController.swift in Sources */,
				B6429DFE299CCCAE0044B4DA /* AppDelegate.swift in Sources */,
				B6E5646D299D43AD00FDD7AB /* ImageCellView.swift in Sources */,
				B6429E00299CCCAE0044B4DA /* SceneDelegate.swift in Sources */,
				B6E5646F299D457E00FDD7AB /* ImageCell.swift in Sources */,
			);
			runOnlyForDeploymentPostprocessing = 0;
		};
/* End PBXSourcesBuildPhase section */

/* Begin PBXVariantGroup section */
		B6429E08299CCCB40044B4DA /* LaunchScreen.storyboard */ = {
			isa = PBXVariantGroup;
			children = (
				B6429E09299CCCB40044B4DA /* Base */,
			);
			name = LaunchScreen.storyboard;
			sourceTree = "<group>";
		};
/* End PBXVariantGroup section */

/* Begin XCBuildConfiguration section */
		B6429E0C299CCCB40044B4DA /* Debug */ = {
			isa = XCBuildConfiguration;
			buildSettings = {
				ALWAYS_SEARCH_USER_PATHS = NO;
				CLANG_ANALYZER_NONNULL = YES;
				CLANG_ANALYZER_NUMBER_OBJECT_CONVERSION = YES_AGGRESSIVE;
				CLANG_CXX_LANGUAGE_STANDARD = "gnu++20";
				CLANG_ENABLE_MODULES = YES;
				CLANG_ENABLE_OBJC_ARC = YES;
				CLANG_ENABLE_OBJC_WEAK = YES;
				CLANG_WARN_BLOCK_CAPTURE_AUTORELEASING = YES;
				CLANG_WARN_BOOL_CONVERSION = YES;
				CLANG_WARN_COMMA = YES;
				CLANG_WARN_CONSTANT_CONVERSION = YES;
				CLANG_WARN_DEPRECATED_OBJC_IMPLEMENTATIONS = YES;
				CLANG_WARN_DIRECT_OBJC_ISA_USAGE = YES_ERROR;
				CLANG_WARN_DOCUMENTATION_COMMENTS = YES;
				CLANG_WARN_EMPTY_BODY = YES;
				CLANG_WARN_ENUM_CONVERSION = YES;
				CLANG_WARN_INFINITE_RECURSION = YES;
				CLANG_WARN_INT_CONVERSION = YES;
				CLANG_WARN_NON_LITERAL_NULL_CONVERSION = YES;
				CLANG_WARN_OBJC_IMPLICIT_RETAIN_SELF = YES;
				CLANG_WARN_OBJC_LITERAL_CONVERSION = YES;
				CLANG_WARN_OBJC_ROOT_CLASS = YES_ERROR;
				CLANG_WARN_QUOTED_INCLUDE_IN_FRAMEWORK_HEADER = YES;
				CLANG_WARN_RANGE_LOOP_ANALYSIS = YES;
				CLANG_WARN_STRICT_PROTOTYPES = YES;
				CLANG_WARN_SUSPICIOUS_MOVE = YES;
				CLANG_WARN_UNGUARDED_AVAILABILITY = YES_AGGRESSIVE;
				CLANG_WARN_UNREACHABLE_CODE = YES;
				CLANG_WARN__DUPLICATE_METHOD_MATCH = YES;
				COPY_PHASE_STRIP = NO;
				DEBUG_INFORMATION_FORMAT = dwarf;
				ENABLE_STRICT_OBJC_MSGSEND = YES;
				ENABLE_TESTABILITY = YES;
				GCC_C_LANGUAGE_STANDARD = gnu11;
				GCC_DYNAMIC_NO_PIC = NO;
				GCC_NO_COMMON_BLOCKS = YES;
				GCC_OPTIMIZATION_LEVEL = 0;
				GCC_PREPROCESSOR_DEFINITIONS = (
					"DEBUG=1",
					"$(inherited)",
				);
				GCC_WARN_64_TO_32_BIT_CONVERSION = YES;
				GCC_WARN_ABOUT_RETURN_TYPE = YES_ERROR;
				GCC_WARN_UNDECLARED_SELECTOR = YES;
				GCC_WARN_UNINITIALIZED_AUTOS = YES_AGGRESSIVE;
				GCC_WARN_UNUSED_FUNCTION = YES;
				GCC_WARN_UNUSED_VARIABLE = YES;
				IPHONEOS_DEPLOYMENT_TARGET = 16.1;
				MTL_ENABLE_DEBUG_INFO = INCLUDE_SOURCE;
				MTL_FAST_MATH = YES;
				ONLY_ACTIVE_ARCH = YES;
				SDKROOT = iphoneos;
				SWIFT_ACTIVE_COMPILATION_CONDITIONS = DEBUG;
				SWIFT_OPTIMIZATION_LEVEL = "-Onone";
			};
			name = Debug;
		};
		B6429E0D299CCCB40044B4DA /* Release */ = {
			isa = XCBuildConfiguration;
			buildSettings = {
				ALWAYS_SEARCH_USER_PATHS = NO;
				CLANG_ANALYZER_NONNULL = YES;
				CLANG_ANALYZER_NUMBER_OBJECT_CONVERSION = YES_AGGRESSIVE;
				CLANG_CXX_LANGUAGE_STANDARD = "gnu++20";
				CLANG_ENABLE_MODULES = YES;
				CLANG_ENABLE_OBJC_ARC = YES;
				CLANG_ENABLE_OBJC_WEAK = YES;
				CLANG_WARN_BLOCK_CAPTURE_AUTORELEASING = YES;
				CLANG_WARN_BOOL_CONVERSION = YES;
				CLANG_WARN_COMMA = YES;
				CLANG_WARN_CONSTANT_CONVERSION = YES;
				CLANG_WARN_DEPRECATED_OBJC_IMPLEMENTATIONS = YES;
				CLANG_WARN_DIRECT_OBJC_ISA_USAGE = YES_ERROR;
				CLANG_WARN_DOCUMENTATION_COMMENTS = YES;
				CLANG_WARN_EMPTY_BODY = YES;
				CLANG_WARN_ENUM_CONVERSION = YES;
				CLANG_WARN_INFINITE_RECURSION = YES;
				CLANG_WARN_INT_CONVERSION = YES;
				CLANG_WARN_NON_LITERAL_NULL_CONVERSION = YES;
				CLANG_WARN_OBJC_IMPLICIT_RETAIN_SELF = YES;
				CLANG_WARN_OBJC_LITERAL_CONVERSION = YES;
				CLANG_WARN_OBJC_ROOT_CLASS = YES_ERROR;
				CLANG_WARN_QUOTED_INCLUDE_IN_FRAMEWORK_HEADER = YES;
				CLANG_WARN_RANGE_LOOP_ANALYSIS = YES;
				CLANG_WARN_STRICT_PROTOTYPES = YES;
				CLANG_WARN_SUSPICIOUS_MOVE = YES;
				CLANG_WARN_UNGUARDED_AVAILABILITY = YES_AGGRESSIVE;
				CLANG_WARN_UNREACHABLE_CODE = YES;
				CLANG_WARN__DUPLICATE_METHOD_MATCH = YES;
				COPY_PHASE_STRIP = NO;
				DEBUG_INFORMATION_FORMAT = "dwarf-with-dsym";
				ENABLE_NS_ASSERTIONS = NO;
				ENABLE_STRICT_OBJC_MSGSEND = YES;
				GCC_C_LANGUAGE_STANDARD = gnu11;
				GCC_NO_COMMON_BLOCKS = YES;
				GCC_WARN_64_TO_32_BIT_CONVERSION = YES;
				GCC_WARN_ABOUT_RETURN_TYPE = YES_ERROR;
				GCC_WARN_UNDECLARED_SELECTOR = YES;
				GCC_WARN_UNINITIALIZED_AUTOS = YES_AGGRESSIVE;
				GCC_WARN_UNUSED_FUNCTION = YES;
				GCC_WARN_UNUSED_VARIABLE = YES;
				IPHONEOS_DEPLOYMENT_TARGET = 16.1;
				MTL_ENABLE_DEBUG_INFO = NO;
				MTL_FAST_MATH = YES;
				SDKROOT = iphoneos;
				SWIFT_COMPILATION_MODE = wholemodule;
				SWIFT_OPTIMIZATION_LEVEL = "-O";
				VALIDATE_PRODUCT = YES;
			};
			name = Release;
		};
		B6429E0F299CCCB40044B4DA /* Debug */ = {
			isa = XCBuildConfiguration;
			buildSettings = {
				ASSETCATALOG_COMPILER_APPICON_NAME = AppIcon;
				ASSETCATALOG_COMPILER_GLOBAL_ACCENT_COLOR_NAME = AccentColor;
				CODE_SIGN_STYLE = Automatic;
				CURRENT_PROJECT_VERSION = 1;
				DEVELOPMENT_TEAM = MRR4U42KHN;
				GENERATE_INFOPLIST_FILE = YES;
				INFOPLIST_FILE = FarpostCollection/Info.plist;
				INFOPLIST_KEY_UIApplicationSupportsIndirectInputEvents = YES;
				INFOPLIST_KEY_UILaunchStoryboardName = LaunchScreen;
				INFOPLIST_KEY_UISupportedInterfaceOrientations_iPad = "UIInterfaceOrientationPortrait UIInterfaceOrientationPortraitUpsideDown UIInterfaceOrientationLandscapeLeft UIInterfaceOrientationLandscapeRight";
				INFOPLIST_KEY_UISupportedInterfaceOrientations_iPhone = "UIInterfaceOrientationPortrait UIInterfaceOrientationLandscapeLeft UIInterfaceOrientationLandscapeRight";
				IPHONEOS_DEPLOYMENT_TARGET = 12.0;
				LD_RUNPATH_SEARCH_PATHS = (
					"$(inherited)",
					"@executable_path/Frameworks",
				);
				MARKETING_VERSION = 1.0;
				PRODUCT_BUNDLE_IDENTIFIER = com.idontknow.FarpostCollection;
				PRODUCT_NAME = "$(TARGET_NAME)";
				SUPPORTED_PLATFORMS = "iphoneos iphonesimulator";
				SUPPORTS_MACCATALYST = NO;
				SUPPORTS_MAC_DESIGNED_FOR_IPHONE_IPAD = NO;
				SWIFT_EMIT_LOC_STRINGS = YES;
				SWIFT_VERSION = 5.0;
				TARGETED_DEVICE_FAMILY = 1;
			};
			name = Debug;
		};
		B6429E10299CCCB40044B4DA /* Release */ = {
			isa = XCBuildConfiguration;
			buildSettings = {
				ASSETCATALOG_COMPILER_APPICON_NAME = AppIcon;
				ASSETCATALOG_COMPILER_GLOBAL_ACCENT_COLOR_NAME = AccentColor;
				CODE_SIGN_STYLE = Automatic;
				CURRENT_PROJECT_VERSION = 1;
				DEVELOPMENT_TEAM = MRR4U42KHN;
				GENERATE_INFOPLIST_FILE = YES;
				INFOPLIST_FILE = FarpostCollection/Info.plist;
				INFOPLIST_KEY_UIApplicationSupportsIndirectInputEvents = YES;
				INFOPLIST_KEY_UILaunchStoryboardName = LaunchScreen;
				INFOPLIST_KEY_UISupportedInterfaceOrientations_iPad = "UIInterfaceOrientationPortrait UIInterfaceOrientationPortraitUpsideDown UIInterfaceOrientationLandscapeLeft UIInterfaceOrientationLandscapeRight";
				INFOPLIST_KEY_UISupportedInterfaceOrientations_iPhone = "UIInterfaceOrientationPortrait UIInterfaceOrientationLandscapeLeft UIInterfaceOrientationLandscapeRight";
				IPHONEOS_DEPLOYMENT_TARGET = 12.0;
				LD_RUNPATH_SEARCH_PATHS = (
					"$(inherited)",
					"@executable_path/Frameworks",
				);
				MARKETING_VERSION = 1.0;
				PRODUCT_BUNDLE_IDENTIFIER = com.idontknow.FarpostCollection;
				PRODUCT_NAME = "$(TARGET_NAME)";
				SUPPORTED_PLATFORMS = "iphoneos iphonesimulator";
				SUPPORTS_MACCATALYST = NO;
				SUPPORTS_MAC_DESIGNED_FOR_IPHONE_IPAD = NO;
				SWIFT_EMIT_LOC_STRINGS = YES;
				SWIFT_VERSION = 5.0;
				TARGETED_DEVICE_FAMILY = 1;
			};
			name = Release;
		};
/* End XCBuildConfiguration section */

/* Begin XCConfigurationList section */
		B6429DF5299CCCAE0044B4DA /* Build configuration list for PBXProject "FarpostCollection" */ = {
			isa = XCConfigurationList;
			buildConfigurations = (
				B6429E0C299CCCB40044B4DA /* Debug */,
				B6429E0D299CCCB40044B4DA /* Release */,
			);
			defaultConfigurationIsVisible = 0;
			defaultConfigurationName = Release;
		};
		B6429E0E299CCCB40044B4DA /* Build configuration list for PBXNativeTarget "FarpostCollection" */ = {
			isa = XCConfigurationList;
			buildConfigurations = (
				B6429E0F299CCCB40044B4DA /* Debug */,
				B6429E10299CCCB40044B4DA /* Release */,
			);
			defaultConfigurationIsVisible = 0;
			defaultConfigurationName = Release;
		};
/* End XCConfigurationList section */
	};
	rootObject = B6429DF2299CCCAE0044B4DA /* Project object */;
}
